
Microsoft Visual Studio Solution File, Format Version 12.00
# Visual Studio 15
VisualStudioVersion = 15.0.28010.2036
MinimumVisualStudioVersion = 10.0.40219.1
Project("{9A19103F-16F7-4668-BE54-9A1E7A4F7556}") = "Expressive", "Expressive\Expressive.csproj", "{A6544650-B379-4E70-B961-F535B02FBD20}"
EndProject
Project("{FAE04EC0-301F-11D3-BF4B-00C04F79EFBC}") = "UnitTests", "UnitTests\UnitTests.csproj", "{6047A7B6-FA5F-4D4E-A3D2-A24715A8820F}"
EndProject
Global
	GlobalSection(SolutionConfigurationPlatforms) = preSolution
		Debug|Any CPU = Debug|Any CPU
		Release|Any CPU = Release|Any CPU
	EndGlobalSection
	GlobalSection(ProjectConfigurationPlatforms) = postSolution
		{A6544650-B379-4E70-B961-F535B02FBD20}.Debug|Any CPU.ActiveCfg = Debug|Any CPU
		{A6544650-B379-4E70-B961-F535B02FBD20}.Debug|Any CPU.Build.0 = Debug|Any CPU
		{A6544650-B379-4E70-B961-F535B02FBD20}.Release|Any CPU.ActiveCfg = Release|Any CPU
		{A6544650-B379-4E70-B961-F535B02FBD20}.Release|Any CPU.Build.0 = Release|Any CPU
		{6047A7B6-FA5F-4D4E-A3D2-A24715A8820F}.Debug|Any CPU.ActiveCfg = Debug|Any CPU
		{6047A7B6-FA5F-4D4E-A3D2-A24715A8820F}.Debug|Any CPU.Build.0 = Debug|Any CPU
		{6047A7B6-FA5F-4D4E-A3D2-A24715A8820F}.Release|Any CPU.ActiveCfg = Release|Any CPU
		{6047A7B6-FA5F-4D4E-A3D2-A24715A8820F}.Release|Any CPU.Build.0 = Release|Any CPU
	EndGlobalSection
	GlobalSection(SolutionProperties) = preSolution
		HideSolutionNode = FALSE
	EndGlobalSection
	GlobalSection(ExtensibilityGlobals) = postSolution
		SolutionGuid = {2324474A-8FD6-4794-8B05-4ED8B00380F0}
	EndGlobalSection
EndGlobal
